
Microsoft Visual Studio Solution File, Format Version 12.00
# Visual Studio Version 17
VisualStudioVersion = 17.3.32929.385
MinimumVisualStudioVersion = 10.0.40219.1
Project("{FAE04EC0-301F-11D3-BF4B-00C04F79EFBC}") = "Animezator", "Animezator.csproj", "{243C4C6B-C535-4002-B2C0-F1F06E363678}"
EndProject
Global
	GlobalSection(SolutionConfigurationPlatforms) = preSolution
		Debug|Any CPU = Debug|Any CPU
		Release|Any CPU = Release|Any CPU
	EndGlobalSection
	GlobalSection(ProjectConfigurationPlatforms) = postSolution
		{243C4C6B-C535-4002-B2C0-F1F06E363678}.Debug|Any CPU.ActiveCfg = Debug|Any CPU
		{243C4C6B-C535-4002-B2C0-F1F06E363678}.Debug|Any CPU.Build.0 = Debug|Any CPU
		{243C4C6B-C535-4002-B2C0-F1F06E363678}.Release|Any CPU.ActiveCfg = Release|Any CPU
		{243C4C6B-C535-4002-B2C0-F1F06E363678}.Release|Any CPU.Build.0 = Release|Any CPU
	EndGlobalSection
	GlobalSection(SolutionProperties) = preSolution
		HideSolutionNode = FALSE
	EndGlobalSection
	GlobalSection(ExtensibilityGlobals) = postSolution
		SolutionGuid = {4DAC044F-6D9C-432D-B110-3383E21EC760}
	EndGlobalSection
EndGlobal
